
Microsoft Visual Studio Solution File, Format Version 12.00
# Visual Studio Express 2012 for Windows Desktop
Project("{FAE04EC0-301F-11D3-BF4B-00C04F79EFBC}") = "1. DurankulakNumbers", "1. DurankulakNumbers\1. DurankulakNumbers.csproj", "{314FBF00-5382-4936-88D8-209FABA41E46}"
EndProject
Project("{FAE04EC0-301F-11D3-BF4B-00C04F79EFBC}") = "2. JoroTheRabbit", "2. JoroTheRabbit\2. JoroTheRabbit.csproj", "{B563D383-E9EC-406C-BCDF-E79890AAE1CB}"
EndProject
Project("{FAE04EC0-301F-11D3-BF4B-00C04F79EFBC}") = "5. TwoIsBetterThanOne", "5. TwoIsBetterThanOne\5. TwoIsBetterThanOne.csproj", "{8F76120C-1C39-4671-BC52-15E34C3D0DC0}"
EndProject
Project("{FAE04EC0-301F-11D3-BF4B-00C04F79EFBC}") = "3. Laser", "3. Laser\3. Laser.csproj", "{0FA38635-31FF-4F77-824C-D0413E1A9B21}"
EndProject
Project("{FAE04EC0-301F-11D3-BF4B-00C04F79EFBC}") = "4. CSharpBrackets", "4. CSharpBrackets\4. CSharpBrackets.csproj", "{15A36C8D-BB8D-4311-AA34-FCB23480DA99}"
EndProject
Global
	GlobalSection(SolutionConfigurationPlatforms) = preSolution
		Debug|Any CPU = Debug|Any CPU
		Release|Any CPU = Release|Any CPU
	EndGlobalSection
	GlobalSection(ProjectConfigurationPlatforms) = postSolution
		{314FBF00-5382-4936-88D8-209FABA41E46}.Debug|Any CPU.ActiveCfg = Debug|Any CPU
		{314FBF00-5382-4936-88D8-209FABA41E46}.Debug|Any CPU.Build.0 = Debug|Any CPU
		{314FBF00-5382-4936-88D8-209FABA41E46}.Release|Any CPU.ActiveCfg = Release|Any CPU
		{314FBF00-5382-4936-88D8-209FABA41E46}.Release|Any CPU.Build.0 = Release|Any CPU
		{B563D383-E9EC-406C-BCDF-E79890AAE1CB}.Debug|Any CPU.ActiveCfg = Debug|Any CPU
		{B563D383-E9EC-406C-BCDF-E79890AAE1CB}.Debug|Any CPU.Build.0 = Debug|Any CPU
		{B563D383-E9EC-406C-BCDF-E79890AAE1CB}.Release|Any CPU.ActiveCfg = Release|Any CPU
		{B563D383-E9EC-406C-BCDF-E79890AAE1CB}.Release|Any CPU.Build.0 = Release|Any CPU
		{8F76120C-1C39-4671-BC52-15E34C3D0DC0}.Debug|Any CPU.ActiveCfg = Debug|Any CPU
		{8F76120C-1C39-4671-BC52-15E34C3D0DC0}.Debug|Any CPU.Build.0 = Debug|Any CPU
		{8F76120C-1C39-4671-BC52-15E34C3D0DC0}.Release|Any CPU.ActiveCfg = Release|Any CPU
		{8F76120C-1C39-4671-BC52-15E34C3D0DC0}.Release|Any CPU.Build.0 = Release|Any CPU
		{0FA38635-31FF-4F77-824C-D0413E1A9B21}.Debug|Any CPU.ActiveCfg = Debug|Any CPU
		{0FA38635-31FF-4F77-824C-D0413E1A9B21}.Debug|Any CPU.Build.0 = Debug|Any CPU
		{0FA38635-31FF-4F77-824C-D0413E1A9B21}.Release|Any CPU.ActiveCfg = Release|Any CPU
		{0FA38635-31FF-4F77-824C-D0413E1A9B21}.Release|Any CPU.Build.0 = Release|Any CPU
		{15A36C8D-BB8D-4311-AA34-FCB23480DA99}.Debug|Any CPU.ActiveCfg = Debug|Any CPU
		{15A36C8D-BB8D-4311-AA34-FCB23480DA99}.Debug|Any CPU.Build.0 = Debug|Any CPU
		{15A36C8D-BB8D-4311-AA34-FCB23480DA99}.Release|Any CPU.ActiveCfg = Release|Any CPU
		{15A36C8D-BB8D-4311-AA34-FCB23480DA99}.Release|Any CPU.Build.0 = Release|Any CPU
	EndGlobalSection
	GlobalSection(SolutionProperties) = preSolution
		HideSolutionNode = FALSE
	EndGlobalSection
EndGlobal
