
Microsoft Visual Studio Solution File, Format Version 12.00
# Visual Studio Express 2012 for Windows Desktop
Project("{FAE04EC0-301F-11D3-BF4B-00C04F79EFBC}") = "1. NineGagNumbers", "1. NineGagNumbers\1. NineGagNumbers.csproj", "{A49B3A30-6F41-41E7-91BE-4305F3C64A7F}"
EndProject
Project("{FAE04EC0-301F-11D3-BF4B-00C04F79EFBC}") = "2. SpecialValue", "2. SpecialValue\2. SpecialValue.csproj", "{5F13FC1D-A706-44F9-9785-66932AEA7A9C}"
EndProject
Project("{FAE04EC0-301F-11D3-BF4B-00C04F79EFBC}") = "3. KukataIsDancing", "3. KukataIsDancing\3. KukataIsDancing.csproj", "{AE4B33B1-6D19-4FB9-9C6A-24AA035E29F9}"
EndProject
Project("{FAE04EC0-301F-11D3-BF4B-00C04F79EFBC}") = "4. FakeTextMarkupLanguage", "4. FakeTextMarkupLanguage\4. FakeTextMarkupLanguage.csproj", "{1B57101F-2C68-470A-8713-BABDB8481538}"
EndProject
Project("{FAE04EC0-301F-11D3-BF4B-00C04F79EFBC}") = "5. ThreeInOne", "5. ThreeInOne\5. ThreeInOne.csproj", "{D2910BE7-846C-4A51-8609-C4E49AB62C2C}"
EndProject
Global
	GlobalSection(SolutionConfigurationPlatforms) = preSolution
		Debug|Any CPU = Debug|Any CPU
		Release|Any CPU = Release|Any CPU
	EndGlobalSection
	GlobalSection(ProjectConfigurationPlatforms) = postSolution
		{A49B3A30-6F41-41E7-91BE-4305F3C64A7F}.Debug|Any CPU.ActiveCfg = Debug|Any CPU
		{A49B3A30-6F41-41E7-91BE-4305F3C64A7F}.Debug|Any CPU.Build.0 = Debug|Any CPU
		{A49B3A30-6F41-41E7-91BE-4305F3C64A7F}.Release|Any CPU.ActiveCfg = Release|Any CPU
		{A49B3A30-6F41-41E7-91BE-4305F3C64A7F}.Release|Any CPU.Build.0 = Release|Any CPU
		{5F13FC1D-A706-44F9-9785-66932AEA7A9C}.Debug|Any CPU.ActiveCfg = Debug|Any CPU
		{5F13FC1D-A706-44F9-9785-66932AEA7A9C}.Debug|Any CPU.Build.0 = Debug|Any CPU
		{5F13FC1D-A706-44F9-9785-66932AEA7A9C}.Release|Any CPU.ActiveCfg = Release|Any CPU
		{5F13FC1D-A706-44F9-9785-66932AEA7A9C}.Release|Any CPU.Build.0 = Release|Any CPU
		{AE4B33B1-6D19-4FB9-9C6A-24AA035E29F9}.Debug|Any CPU.ActiveCfg = Debug|Any CPU
		{AE4B33B1-6D19-4FB9-9C6A-24AA035E29F9}.Debug|Any CPU.Build.0 = Debug|Any CPU
		{AE4B33B1-6D19-4FB9-9C6A-24AA035E29F9}.Release|Any CPU.ActiveCfg = Release|Any CPU
		{AE4B33B1-6D19-4FB9-9C6A-24AA035E29F9}.Release|Any CPU.Build.0 = Release|Any CPU
		{1B57101F-2C68-470A-8713-BABDB8481538}.Debug|Any CPU.ActiveCfg = Debug|Any CPU
		{1B57101F-2C68-470A-8713-BABDB8481538}.Debug|Any CPU.Build.0 = Debug|Any CPU
		{1B57101F-2C68-470A-8713-BABDB8481538}.Release|Any CPU.ActiveCfg = Release|Any CPU
		{1B57101F-2C68-470A-8713-BABDB8481538}.Release|Any CPU.Build.0 = Release|Any CPU
		{D2910BE7-846C-4A51-8609-C4E49AB62C2C}.Debug|Any CPU.ActiveCfg = Debug|Any CPU
		{D2910BE7-846C-4A51-8609-C4E49AB62C2C}.Debug|Any CPU.Build.0 = Debug|Any CPU
		{D2910BE7-846C-4A51-8609-C4E49AB62C2C}.Release|Any CPU.ActiveCfg = Release|Any CPU
		{D2910BE7-846C-4A51-8609-C4E49AB62C2C}.Release|Any CPU.Build.0 = Release|Any CPU
	EndGlobalSection
	GlobalSection(SolutionProperties) = preSolution
		HideSolutionNode = FALSE
	EndGlobalSection
EndGlobal
