
Microsoft Visual Studio Solution File, Format Version 12.00
# Visual Studio 2012
Project("{FAE04EC0-301F-11D3-BF4B-00C04F79EFBC}") = "01. OddLinesFromFile", "1. OddLinesFromFile\01. OddLinesFromFile.csproj", "{4CDC25B3-4035-4E9B-8E80-6E48E22E1F28}"
EndProject
Project("{FAE04EC0-301F-11D3-BF4B-00C04F79EFBC}") = "02. ConcatenateFiles", "2. ConcatenateFiles\02. ConcatenateFiles.csproj", "{5053B1A6-0182-4243-9278-34DC4B51E275}"
EndProject
Project("{FAE04EC0-301F-11D3-BF4B-00C04F79EFBC}") = "03. LineNumbersInFile", "3. LineNumbersInFile\03. LineNumbersInFile.csproj", "{4662C748-0DF2-4245-A0D0-04489CA5DC7E}"
EndProject
Project("{FAE04EC0-301F-11D3-BF4B-00C04F79EFBC}") = "04. CompareFileLineByLine", "4. CompareFileLineByLine\04. CompareFileLineByLine.csproj", "{83BBD190-23A9-498F-B09A-7C5CC6A91388}"
EndProject
Project("{FAE04EC0-301F-11D3-BF4B-00C04F79EFBC}") = "05. MatrixAreaInFile", "5. MatrixAreaInFile\05. MatrixAreaInFile.csproj", "{146E96FF-8365-4AA8-881A-3C6D5A4C2A2E}"
EndProject
Project("{FAE04EC0-301F-11D3-BF4B-00C04F79EFBC}") = "06. StringsSortInFiles", "6. StringsSortInFiles\06. StringsSortInFiles.csproj", "{C3A6B4D9-D115-47C7-8AC1-CE232C996963}"
EndProject
Project("{FAE04EC0-301F-11D3-BF4B-00C04F79EFBC}") = "07. StartAndFinishReplacer", "7. StartAndFinishReplacer\07. StartAndFinishReplacer.csproj", "{10E08507-F9BC-4FAE-9E12-A95080B985CC}"
EndProject
Project("{FAE04EC0-301F-11D3-BF4B-00C04F79EFBC}") = "08. StartAndFinishWholeWords", "8. StartAndFinishWholeWords\08. StartAndFinishWholeWords.csproj", "{1A7091AE-B2A9-4F64-86DF-88B63B6EF77A}"
EndProject
Project("{FAE04EC0-301F-11D3-BF4B-00C04F79EFBC}") = "09. OddLinesDeleter", "9. OddLinesDeleter\09. OddLinesDeleter.csproj", "{072AA120-3831-4A13-B25B-8389E9BE6300}"
EndProject
Project("{FAE04EC0-301F-11D3-BF4B-00C04F79EFBC}") = "10. ExtractWithoutTagsXML", "10. ExtractWithoutTagsXML\10. ExtractWithoutTagsXML.csproj", "{DDBA92B2-755E-4B56-A597-821C72927356}"
EndProject
Project("{FAE04EC0-301F-11D3-BF4B-00C04F79EFBC}") = "11. DeletePrefixFromFile", "11. DeletePrefixFromFile\11. DeletePrefixFromFile.csproj", "{9F0E98C3-8EEA-4AD7-ABF2-37CAA2EC6864}"
EndProject
Project("{FAE04EC0-301F-11D3-BF4B-00C04F79EFBC}") = "12. ListedWordsRemover", "12. ListedWordsRemover\12. ListedWordsRemover.csproj", "{BFE30BC9-601F-4C73-9842-8770FBB491EB}"
EndProject
Project("{FAE04EC0-301F-11D3-BF4B-00C04F79EFBC}") = "13. WordCounter", "13. WordCounter\13. WordCounter.csproj", "{A7F75712-E8CE-4BC5-AC59-A03B22936F9F}"
EndProject
Global
	GlobalSection(SolutionConfigurationPlatforms) = preSolution
		Debug|Any CPU = Debug|Any CPU
		Release|Any CPU = Release|Any CPU
	EndGlobalSection
	GlobalSection(ProjectConfigurationPlatforms) = postSolution
		{4CDC25B3-4035-4E9B-8E80-6E48E22E1F28}.Debug|Any CPU.ActiveCfg = Debug|Any CPU
		{4CDC25B3-4035-4E9B-8E80-6E48E22E1F28}.Debug|Any CPU.Build.0 = Debug|Any CPU
		{4CDC25B3-4035-4E9B-8E80-6E48E22E1F28}.Release|Any CPU.ActiveCfg = Release|Any CPU
		{4CDC25B3-4035-4E9B-8E80-6E48E22E1F28}.Release|Any CPU.Build.0 = Release|Any CPU
		{5053B1A6-0182-4243-9278-34DC4B51E275}.Debug|Any CPU.ActiveCfg = Debug|Any CPU
		{5053B1A6-0182-4243-9278-34DC4B51E275}.Debug|Any CPU.Build.0 = Debug|Any CPU
		{5053B1A6-0182-4243-9278-34DC4B51E275}.Release|Any CPU.ActiveCfg = Release|Any CPU
		{5053B1A6-0182-4243-9278-34DC4B51E275}.Release|Any CPU.Build.0 = Release|Any CPU
		{4662C748-0DF2-4245-A0D0-04489CA5DC7E}.Debug|Any CPU.ActiveCfg = Debug|Any CPU
		{4662C748-0DF2-4245-A0D0-04489CA5DC7E}.Debug|Any CPU.Build.0 = Debug|Any CPU
		{4662C748-0DF2-4245-A0D0-04489CA5DC7E}.Release|Any CPU.ActiveCfg = Release|Any CPU
		{4662C748-0DF2-4245-A0D0-04489CA5DC7E}.Release|Any CPU.Build.0 = Release|Any CPU
		{83BBD190-23A9-498F-B09A-7C5CC6A91388}.Debug|Any CPU.ActiveCfg = Debug|Any CPU
		{83BBD190-23A9-498F-B09A-7C5CC6A91388}.Debug|Any CPU.Build.0 = Debug|Any CPU
		{83BBD190-23A9-498F-B09A-7C5CC6A91388}.Release|Any CPU.ActiveCfg = Release|Any CPU
		{83BBD190-23A9-498F-B09A-7C5CC6A91388}.Release|Any CPU.Build.0 = Release|Any CPU
		{146E96FF-8365-4AA8-881A-3C6D5A4C2A2E}.Debug|Any CPU.ActiveCfg = Debug|Any CPU
		{146E96FF-8365-4AA8-881A-3C6D5A4C2A2E}.Debug|Any CPU.Build.0 = Debug|Any CPU
		{146E96FF-8365-4AA8-881A-3C6D5A4C2A2E}.Release|Any CPU.ActiveCfg = Release|Any CPU
		{146E96FF-8365-4AA8-881A-3C6D5A4C2A2E}.Release|Any CPU.Build.0 = Release|Any CPU
		{C3A6B4D9-D115-47C7-8AC1-CE232C996963}.Debug|Any CPU.ActiveCfg = Debug|Any CPU
		{C3A6B4D9-D115-47C7-8AC1-CE232C996963}.Debug|Any CPU.Build.0 = Debug|Any CPU
		{C3A6B4D9-D115-47C7-8AC1-CE232C996963}.Release|Any CPU.ActiveCfg = Release|Any CPU
		{C3A6B4D9-D115-47C7-8AC1-CE232C996963}.Release|Any CPU.Build.0 = Release|Any CPU
		{10E08507-F9BC-4FAE-9E12-A95080B985CC}.Debug|Any CPU.ActiveCfg = Debug|Any CPU
		{10E08507-F9BC-4FAE-9E12-A95080B985CC}.Debug|Any CPU.Build.0 = Debug|Any CPU
		{10E08507-F9BC-4FAE-9E12-A95080B985CC}.Release|Any CPU.ActiveCfg = Release|Any CPU
		{10E08507-F9BC-4FAE-9E12-A95080B985CC}.Release|Any CPU.Build.0 = Release|Any CPU
		{1A7091AE-B2A9-4F64-86DF-88B63B6EF77A}.Debug|Any CPU.ActiveCfg = Debug|Any CPU
		{1A7091AE-B2A9-4F64-86DF-88B63B6EF77A}.Debug|Any CPU.Build.0 = Debug|Any CPU
		{1A7091AE-B2A9-4F64-86DF-88B63B6EF77A}.Release|Any CPU.ActiveCfg = Release|Any CPU
		{1A7091AE-B2A9-4F64-86DF-88B63B6EF77A}.Release|Any CPU.Build.0 = Release|Any CPU
		{072AA120-3831-4A13-B25B-8389E9BE6300}.Debug|Any CPU.ActiveCfg = Debug|Any CPU
		{072AA120-3831-4A13-B25B-8389E9BE6300}.Debug|Any CPU.Build.0 = Debug|Any CPU
		{072AA120-3831-4A13-B25B-8389E9BE6300}.Release|Any CPU.ActiveCfg = Release|Any CPU
		{072AA120-3831-4A13-B25B-8389E9BE6300}.Release|Any CPU.Build.0 = Release|Any CPU
		{DDBA92B2-755E-4B56-A597-821C72927356}.Debug|Any CPU.ActiveCfg = Debug|Any CPU
		{DDBA92B2-755E-4B56-A597-821C72927356}.Debug|Any CPU.Build.0 = Debug|Any CPU
		{DDBA92B2-755E-4B56-A597-821C72927356}.Release|Any CPU.ActiveCfg = Release|Any CPU
		{DDBA92B2-755E-4B56-A597-821C72927356}.Release|Any CPU.Build.0 = Release|Any CPU
		{9F0E98C3-8EEA-4AD7-ABF2-37CAA2EC6864}.Debug|Any CPU.ActiveCfg = Debug|Any CPU
		{9F0E98C3-8EEA-4AD7-ABF2-37CAA2EC6864}.Debug|Any CPU.Build.0 = Debug|Any CPU
		{9F0E98C3-8EEA-4AD7-ABF2-37CAA2EC6864}.Release|Any CPU.ActiveCfg = Release|Any CPU
		{9F0E98C3-8EEA-4AD7-ABF2-37CAA2EC6864}.Release|Any CPU.Build.0 = Release|Any CPU
		{BFE30BC9-601F-4C73-9842-8770FBB491EB}.Debug|Any CPU.ActiveCfg = Debug|Any CPU
		{BFE30BC9-601F-4C73-9842-8770FBB491EB}.Debug|Any CPU.Build.0 = Debug|Any CPU
		{BFE30BC9-601F-4C73-9842-8770FBB491EB}.Release|Any CPU.ActiveCfg = Release|Any CPU
		{BFE30BC9-601F-4C73-9842-8770FBB491EB}.Release|Any CPU.Build.0 = Release|Any CPU
		{A7F75712-E8CE-4BC5-AC59-A03B22936F9F}.Debug|Any CPU.ActiveCfg = Debug|Any CPU
		{A7F75712-E8CE-4BC5-AC59-A03B22936F9F}.Debug|Any CPU.Build.0 = Debug|Any CPU
		{A7F75712-E8CE-4BC5-AC59-A03B22936F9F}.Release|Any CPU.ActiveCfg = Release|Any CPU
		{A7F75712-E8CE-4BC5-AC59-A03B22936F9F}.Release|Any CPU.Build.0 = Release|Any CPU
	EndGlobalSection
	GlobalSection(SolutionProperties) = preSolution
		HideSolutionNode = FALSE
	EndGlobalSection
EndGlobal
