
Microsoft Visual Studio Solution File, Format Version 12.00
# Visual Studio Express 2012 for Windows Desktop
Project("{FAE04EC0-301F-11D3-BF4B-00C04F79EFBC}") = "1. NextDate", "1. NextDate\1. NextDate.csproj", "{5230EB15-BC31-453B-BD75-9DEE7F93F335}"
EndProject
Project("{FAE04EC0-301F-11D3-BF4B-00C04F79EFBC}") = "2. TribonacciTriangle", "2. TribonacciTriangle\2. TribonacciTriangle.csproj", "{CD5C4403-926B-4199-9AD8-FBB936FA41B8}"
EndProject
Project("{FAE04EC0-301F-11D3-BF4B-00C04F79EFBC}") = "4. Carpets", "4. Carpets\4. Carpets.csproj", "{5E59A22C-89C5-4A68-9B28-46EFB8377F41}"
EndProject
Global
	GlobalSection(SolutionConfigurationPlatforms) = preSolution
		Debug|Any CPU = Debug|Any CPU
		Release|Any CPU = Release|Any CPU
	EndGlobalSection
	GlobalSection(ProjectConfigurationPlatforms) = postSolution
		{5230EB15-BC31-453B-BD75-9DEE7F93F335}.Debug|Any CPU.ActiveCfg = Debug|Any CPU
		{5230EB15-BC31-453B-BD75-9DEE7F93F335}.Debug|Any CPU.Build.0 = Debug|Any CPU
		{5230EB15-BC31-453B-BD75-9DEE7F93F335}.Release|Any CPU.ActiveCfg = Release|Any CPU
		{5230EB15-BC31-453B-BD75-9DEE7F93F335}.Release|Any CPU.Build.0 = Release|Any CPU
		{CD5C4403-926B-4199-9AD8-FBB936FA41B8}.Debug|Any CPU.ActiveCfg = Debug|Any CPU
		{CD5C4403-926B-4199-9AD8-FBB936FA41B8}.Debug|Any CPU.Build.0 = Debug|Any CPU
		{CD5C4403-926B-4199-9AD8-FBB936FA41B8}.Release|Any CPU.ActiveCfg = Release|Any CPU
		{CD5C4403-926B-4199-9AD8-FBB936FA41B8}.Release|Any CPU.Build.0 = Release|Any CPU
		{5E59A22C-89C5-4A68-9B28-46EFB8377F41}.Debug|Any CPU.ActiveCfg = Debug|Any CPU
		{5E59A22C-89C5-4A68-9B28-46EFB8377F41}.Debug|Any CPU.Build.0 = Debug|Any CPU
		{5E59A22C-89C5-4A68-9B28-46EFB8377F41}.Release|Any CPU.ActiveCfg = Release|Any CPU
		{5E59A22C-89C5-4A68-9B28-46EFB8377F41}.Release|Any CPU.Build.0 = Release|Any CPU
	EndGlobalSection
	GlobalSection(SolutionProperties) = preSolution
		HideSolutionNode = FALSE
	EndGlobalSection
EndGlobal
