
Microsoft Visual Studio Solution File, Format Version 12.00
# Visual Studio Express 2012 for Web
Project("{FAE04EC0-301F-11D3-BF4B-00C04F79EFBC}") = "6. Strings", "6. Strings.csproj", "{7301394C-1A8B-4897-BE93-59A870638A3D}"
EndProject
Global
	GlobalSection(SolutionConfigurationPlatforms) = preSolution
		Debug|Any CPU = Debug|Any CPU
		Release|Any CPU = Release|Any CPU
	EndGlobalSection
	GlobalSection(ProjectConfigurationPlatforms) = postSolution
		{7301394C-1A8B-4897-BE93-59A870638A3D}.Debug|Any CPU.ActiveCfg = Debug|Any CPU
		{7301394C-1A8B-4897-BE93-59A870638A3D}.Debug|Any CPU.Build.0 = Debug|Any CPU
		{7301394C-1A8B-4897-BE93-59A870638A3D}.Release|Any CPU.ActiveCfg = Release|Any CPU
		{7301394C-1A8B-4897-BE93-59A870638A3D}.Release|Any CPU.Build.0 = Release|Any CPU
	EndGlobalSection
	GlobalSection(SolutionProperties) = preSolution
		HideSolutionNode = FALSE
	EndGlobalSection
EndGlobal
