
Microsoft Visual Studio Solution File, Format Version 12.00
# Visual Studio 2012
Project("{FAE04EC0-301F-11D3-BF4B-00C04F79EFBC}") = "1. FigureRotation", "1. FigureRotation\1. FigureRotation.csproj", "{FE1DC8EA-86DF-4BA6-9B33-3EF488C7AB72}"
EndProject
Project("{FAE04EC0-301F-11D3-BF4B-00C04F79EFBC}") = "2. StatisticsPrinter", "2. StatisticsPrinter\2. StatisticsPrinter.csproj", "{E92011B5-1CC8-4E87-B9AF-28CE961D8293}"
EndProject
Global
	GlobalSection(SolutionConfigurationPlatforms) = preSolution
		Debug|Any CPU = Debug|Any CPU
		Release|Any CPU = Release|Any CPU
	EndGlobalSection
	GlobalSection(ProjectConfigurationPlatforms) = postSolution
		{FE1DC8EA-86DF-4BA6-9B33-3EF488C7AB72}.Debug|Any CPU.ActiveCfg = Debug|Any CPU
		{FE1DC8EA-86DF-4BA6-9B33-3EF488C7AB72}.Debug|Any CPU.Build.0 = Debug|Any CPU
		{FE1DC8EA-86DF-4BA6-9B33-3EF488C7AB72}.Release|Any CPU.ActiveCfg = Release|Any CPU
		{FE1DC8EA-86DF-4BA6-9B33-3EF488C7AB72}.Release|Any CPU.Build.0 = Release|Any CPU
		{E92011B5-1CC8-4E87-B9AF-28CE961D8293}.Debug|Any CPU.ActiveCfg = Debug|Any CPU
		{E92011B5-1CC8-4E87-B9AF-28CE961D8293}.Debug|Any CPU.Build.0 = Debug|Any CPU
		{E92011B5-1CC8-4E87-B9AF-28CE961D8293}.Release|Any CPU.ActiveCfg = Release|Any CPU
		{E92011B5-1CC8-4E87-B9AF-28CE961D8293}.Release|Any CPU.Build.0 = Release|Any CPU
	EndGlobalSection
	GlobalSection(SolutionProperties) = preSolution
		HideSolutionNode = FALSE
	EndGlobalSection
EndGlobal
