
Microsoft Visual Studio Solution File, Format Version 12.00
# Visual Studio 2012
Project("{FAE04EC0-301F-11D3-BF4B-00C04F79EFBC}") = "01. NamePrinter", "1. NamePrinter\01. NamePrinter.csproj", "{89D0FF46-C69E-48A3-B09D-E51F811BD5E2}"
EndProject
Project("{FAE04EC0-301F-11D3-BF4B-00C04F79EFBC}") = "02. BiggestOfThree", "2. BiggerOfTwo\02. BiggestOfThree.csproj", "{01DB1872-D840-4440-9561-162B16C2F714}"
EndProject
Project("{FAE04EC0-301F-11D3-BF4B-00C04F79EFBC}") = "03. LastDigitAsWord", "3. LastDigitAsWord\03. LastDigitAsWord.csproj", "{FCC42052-36C3-4ACA-96AB-E8B4761DC464}"
EndProject
Project("{FAE04EC0-301F-11D3-BF4B-00C04F79EFBC}") = "04. NumberInArrayCount", "4. NumberInArrayCount\04. NumberInArrayCount.csproj", "{7B7545AA-226A-4728-8EE3-E8ADFEC50BD1}"
EndProject
Project("{FAE04EC0-301F-11D3-BF4B-00C04F79EFBC}") = "UnitTestForTask4", "UnitTestForTask4\UnitTestForTask4.csproj", "{7EA06554-7083-42C9-951D-4AF17D86A9F8}"
EndProject
Project("{FAE04EC0-301F-11D3-BF4B-00C04F79EFBC}") = "05. BiggerThanNeighbors", "5. BiggerThanNeighbors\05. BiggerThanNeighbors.csproj", "{80767416-0F2D-47DF-A99A-2EA5CFE3CD8F}"
EndProject
Project("{FAE04EC0-301F-11D3-BF4B-00C04F79EFBC}") = "06. FirstBiggerThanNeighbors", "6. FirstBiggerThanNeighbors\06. FirstBiggerThanNeighbors.csproj", "{5E7FC7BB-744A-47B9-9193-76617DAE6511}"
EndProject
Project("{FAE04EC0-301F-11D3-BF4B-00C04F79EFBC}") = "07. DigitsReverser", "7. DigitsReverser\07. DigitsReverser.csproj", "{F663C54C-5672-4BEC-A1C4-C3D19867675B}"
EndProject
Project("{FAE04EC0-301F-11D3-BF4B-00C04F79EFBC}") = "08. AddingArraysOfDigits", "8. AddingArraysOfDigits\08. AddingArraysOfDigits.csproj", "{26545AD7-C177-4B85-A681-04B259168538}"
EndProject
Project("{FAE04EC0-301F-11D3-BF4B-00C04F79EFBC}") = "09. MaxValueInArrayPortion", "9. MaxValueInArrayPortion\09. MaxValueInArrayPortion.csproj", "{9FAD28A3-DC0B-4097-A534-BDD2FE0BC16C}"
EndProject
Project("{FAE04EC0-301F-11D3-BF4B-00C04F79EFBC}") = "10. FactorialCalculation", "10. FactorialCalculation\10. FactorialCalculation.csproj", "{9A46DCD4-C41A-4D44-B972-90276DCBB204}"
EndProject
Project("{FAE04EC0-301F-11D3-BF4B-00C04F79EFBC}") = "13. TasksSolver", "13. TasksSolver\13. TasksSolver.csproj", "{773DF82C-B831-416E-9509-F156195265D3}"
EndProject
Project("{FAE04EC0-301F-11D3-BF4B-00C04F79EFBC}") = "14. MinMaxAvSumProduct", "14. MinMaxAvSumProduct\14. MinMaxAvSumProduct.csproj", "{8D61068E-F13E-41D6-974A-D0DA7CD74603}"
EndProject
Project("{FAE04EC0-301F-11D3-BF4B-00C04F79EFBC}") = "11-12. Polynomials", "11. Polynomials\11-12. Polynomials.csproj", "{45E6179A-622A-473C-8C02-24CC89C1D108}"
EndProject
Global
	GlobalSection(SolutionConfigurationPlatforms) = preSolution
		Debug|Any CPU = Debug|Any CPU
		Release|Any CPU = Release|Any CPU
	EndGlobalSection
	GlobalSection(ProjectConfigurationPlatforms) = postSolution
		{89D0FF46-C69E-48A3-B09D-E51F811BD5E2}.Debug|Any CPU.ActiveCfg = Debug|Any CPU
		{89D0FF46-C69E-48A3-B09D-E51F811BD5E2}.Debug|Any CPU.Build.0 = Debug|Any CPU
		{89D0FF46-C69E-48A3-B09D-E51F811BD5E2}.Release|Any CPU.ActiveCfg = Release|Any CPU
		{89D0FF46-C69E-48A3-B09D-E51F811BD5E2}.Release|Any CPU.Build.0 = Release|Any CPU
		{01DB1872-D840-4440-9561-162B16C2F714}.Debug|Any CPU.ActiveCfg = Debug|Any CPU
		{01DB1872-D840-4440-9561-162B16C2F714}.Debug|Any CPU.Build.0 = Debug|Any CPU
		{01DB1872-D840-4440-9561-162B16C2F714}.Release|Any CPU.ActiveCfg = Release|Any CPU
		{01DB1872-D840-4440-9561-162B16C2F714}.Release|Any CPU.Build.0 = Release|Any CPU
		{FCC42052-36C3-4ACA-96AB-E8B4761DC464}.Debug|Any CPU.ActiveCfg = Debug|Any CPU
		{FCC42052-36C3-4ACA-96AB-E8B4761DC464}.Debug|Any CPU.Build.0 = Debug|Any CPU
		{FCC42052-36C3-4ACA-96AB-E8B4761DC464}.Release|Any CPU.ActiveCfg = Release|Any CPU
		{FCC42052-36C3-4ACA-96AB-E8B4761DC464}.Release|Any CPU.Build.0 = Release|Any CPU
		{7B7545AA-226A-4728-8EE3-E8ADFEC50BD1}.Debug|Any CPU.ActiveCfg = Debug|Any CPU
		{7B7545AA-226A-4728-8EE3-E8ADFEC50BD1}.Debug|Any CPU.Build.0 = Debug|Any CPU
		{7B7545AA-226A-4728-8EE3-E8ADFEC50BD1}.Release|Any CPU.ActiveCfg = Release|Any CPU
		{7B7545AA-226A-4728-8EE3-E8ADFEC50BD1}.Release|Any CPU.Build.0 = Release|Any CPU
		{7EA06554-7083-42C9-951D-4AF17D86A9F8}.Debug|Any CPU.ActiveCfg = Debug|Any CPU
		{7EA06554-7083-42C9-951D-4AF17D86A9F8}.Debug|Any CPU.Build.0 = Debug|Any CPU
		{7EA06554-7083-42C9-951D-4AF17D86A9F8}.Release|Any CPU.ActiveCfg = Release|Any CPU
		{7EA06554-7083-42C9-951D-4AF17D86A9F8}.Release|Any CPU.Build.0 = Release|Any CPU
		{80767416-0F2D-47DF-A99A-2EA5CFE3CD8F}.Debug|Any CPU.ActiveCfg = Debug|Any CPU
		{80767416-0F2D-47DF-A99A-2EA5CFE3CD8F}.Debug|Any CPU.Build.0 = Debug|Any CPU
		{80767416-0F2D-47DF-A99A-2EA5CFE3CD8F}.Release|Any CPU.ActiveCfg = Release|Any CPU
		{80767416-0F2D-47DF-A99A-2EA5CFE3CD8F}.Release|Any CPU.Build.0 = Release|Any CPU
		{5E7FC7BB-744A-47B9-9193-76617DAE6511}.Debug|Any CPU.ActiveCfg = Debug|Any CPU
		{5E7FC7BB-744A-47B9-9193-76617DAE6511}.Debug|Any CPU.Build.0 = Debug|Any CPU
		{5E7FC7BB-744A-47B9-9193-76617DAE6511}.Release|Any CPU.ActiveCfg = Release|Any CPU
		{5E7FC7BB-744A-47B9-9193-76617DAE6511}.Release|Any CPU.Build.0 = Release|Any CPU
		{F663C54C-5672-4BEC-A1C4-C3D19867675B}.Debug|Any CPU.ActiveCfg = Debug|Any CPU
		{F663C54C-5672-4BEC-A1C4-C3D19867675B}.Debug|Any CPU.Build.0 = Debug|Any CPU
		{F663C54C-5672-4BEC-A1C4-C3D19867675B}.Release|Any CPU.ActiveCfg = Release|Any CPU
		{F663C54C-5672-4BEC-A1C4-C3D19867675B}.Release|Any CPU.Build.0 = Release|Any CPU
		{26545AD7-C177-4B85-A681-04B259168538}.Debug|Any CPU.ActiveCfg = Debug|Any CPU
		{26545AD7-C177-4B85-A681-04B259168538}.Debug|Any CPU.Build.0 = Debug|Any CPU
		{26545AD7-C177-4B85-A681-04B259168538}.Release|Any CPU.ActiveCfg = Release|Any CPU
		{26545AD7-C177-4B85-A681-04B259168538}.Release|Any CPU.Build.0 = Release|Any CPU
		{9FAD28A3-DC0B-4097-A534-BDD2FE0BC16C}.Debug|Any CPU.ActiveCfg = Debug|Any CPU
		{9FAD28A3-DC0B-4097-A534-BDD2FE0BC16C}.Debug|Any CPU.Build.0 = Debug|Any CPU
		{9FAD28A3-DC0B-4097-A534-BDD2FE0BC16C}.Release|Any CPU.ActiveCfg = Release|Any CPU
		{9FAD28A3-DC0B-4097-A534-BDD2FE0BC16C}.Release|Any CPU.Build.0 = Release|Any CPU
		{9A46DCD4-C41A-4D44-B972-90276DCBB204}.Debug|Any CPU.ActiveCfg = Debug|Any CPU
		{9A46DCD4-C41A-4D44-B972-90276DCBB204}.Debug|Any CPU.Build.0 = Debug|Any CPU
		{9A46DCD4-C41A-4D44-B972-90276DCBB204}.Release|Any CPU.ActiveCfg = Release|Any CPU
		{9A46DCD4-C41A-4D44-B972-90276DCBB204}.Release|Any CPU.Build.0 = Release|Any CPU
		{773DF82C-B831-416E-9509-F156195265D3}.Debug|Any CPU.ActiveCfg = Debug|Any CPU
		{773DF82C-B831-416E-9509-F156195265D3}.Debug|Any CPU.Build.0 = Debug|Any CPU
		{773DF82C-B831-416E-9509-F156195265D3}.Release|Any CPU.ActiveCfg = Release|Any CPU
		{773DF82C-B831-416E-9509-F156195265D3}.Release|Any CPU.Build.0 = Release|Any CPU
		{8D61068E-F13E-41D6-974A-D0DA7CD74603}.Debug|Any CPU.ActiveCfg = Debug|Any CPU
		{8D61068E-F13E-41D6-974A-D0DA7CD74603}.Debug|Any CPU.Build.0 = Debug|Any CPU
		{8D61068E-F13E-41D6-974A-D0DA7CD74603}.Release|Any CPU.ActiveCfg = Release|Any CPU
		{8D61068E-F13E-41D6-974A-D0DA7CD74603}.Release|Any CPU.Build.0 = Release|Any CPU
		{45E6179A-622A-473C-8C02-24CC89C1D108}.Debug|Any CPU.ActiveCfg = Debug|Any CPU
		{45E6179A-622A-473C-8C02-24CC89C1D108}.Debug|Any CPU.Build.0 = Debug|Any CPU
		{45E6179A-622A-473C-8C02-24CC89C1D108}.Release|Any CPU.ActiveCfg = Release|Any CPU
		{45E6179A-622A-473C-8C02-24CC89C1D108}.Release|Any CPU.Build.0 = Release|Any CPU
	EndGlobalSection
	GlobalSection(SolutionProperties) = preSolution
		HideSolutionNode = FALSE
	EndGlobalSection
EndGlobal
