
Microsoft Visual Studio Solution File, Format Version 12.00
# Visual Studio 2012
Project("{FAE04EC0-301F-11D3-BF4B-00C04F79EFBC}") = "1. CoffeeMachine", "1. CoffeeMachine\1. CoffeeMachine.csproj", "{86A646B2-9730-486F-A6AD-331A1186FCCC}"
EndProject
Project("{FAE04EC0-301F-11D3-BF4B-00C04F79EFBC}") = "4. Fire", "4. Fire\4. Fire.csproj", "{18D7BBF2-CACE-4EC0-B233-71381252B75C}"
EndProject
Project("{FAE04EC0-301F-11D3-BF4B-00C04F79EFBC}") = "2. DrunkenNumbers", "2. DrunkenNumbers\2. DrunkenNumbers.csproj", "{C4AD017F-5494-4CE1-BB3C-D4D491F64E96}"
EndProject
Project("{FAE04EC0-301F-11D3-BF4B-00C04F79EFBC}") = "3. BullsAndCows", "3. BullsAndCows\3. BullsAndCows.csproj", "{F2A58B11-B676-419D-B4CE-EDEF9CCCACB0}"
EndProject
Global
	GlobalSection(SolutionConfigurationPlatforms) = preSolution
		Debug|Any CPU = Debug|Any CPU
		Release|Any CPU = Release|Any CPU
	EndGlobalSection
	GlobalSection(ProjectConfigurationPlatforms) = postSolution
		{86A646B2-9730-486F-A6AD-331A1186FCCC}.Debug|Any CPU.ActiveCfg = Debug|Any CPU
		{86A646B2-9730-486F-A6AD-331A1186FCCC}.Debug|Any CPU.Build.0 = Debug|Any CPU
		{86A646B2-9730-486F-A6AD-331A1186FCCC}.Release|Any CPU.ActiveCfg = Release|Any CPU
		{86A646B2-9730-486F-A6AD-331A1186FCCC}.Release|Any CPU.Build.0 = Release|Any CPU
		{18D7BBF2-CACE-4EC0-B233-71381252B75C}.Debug|Any CPU.ActiveCfg = Debug|Any CPU
		{18D7BBF2-CACE-4EC0-B233-71381252B75C}.Debug|Any CPU.Build.0 = Debug|Any CPU
		{18D7BBF2-CACE-4EC0-B233-71381252B75C}.Release|Any CPU.ActiveCfg = Release|Any CPU
		{18D7BBF2-CACE-4EC0-B233-71381252B75C}.Release|Any CPU.Build.0 = Release|Any CPU
		{C4AD017F-5494-4CE1-BB3C-D4D491F64E96}.Debug|Any CPU.ActiveCfg = Debug|Any CPU
		{C4AD017F-5494-4CE1-BB3C-D4D491F64E96}.Debug|Any CPU.Build.0 = Debug|Any CPU
		{C4AD017F-5494-4CE1-BB3C-D4D491F64E96}.Release|Any CPU.ActiveCfg = Release|Any CPU
		{C4AD017F-5494-4CE1-BB3C-D4D491F64E96}.Release|Any CPU.Build.0 = Release|Any CPU
		{F2A58B11-B676-419D-B4CE-EDEF9CCCACB0}.Debug|Any CPU.ActiveCfg = Debug|Any CPU
		{F2A58B11-B676-419D-B4CE-EDEF9CCCACB0}.Debug|Any CPU.Build.0 = Debug|Any CPU
		{F2A58B11-B676-419D-B4CE-EDEF9CCCACB0}.Release|Any CPU.ActiveCfg = Release|Any CPU
		{F2A58B11-B676-419D-B4CE-EDEF9CCCACB0}.Release|Any CPU.Build.0 = Release|Any CPU
	EndGlobalSection
	GlobalSection(SolutionProperties) = preSolution
		HideSolutionNode = FALSE
	EndGlobalSection
EndGlobal
